Microsoft Visual Studio Solution File, Format Version 12.00
# Visual Studio 2013
VisualStudioVersion = 12.0.30723.0
MinimumVisualStudioVersion = 10.0.40219.1
Project("{FAE04EC0-301F-11D3-BF4B-00C04F79EFBC}") = "SimpleActivity", "SimpleActivity\SimpleActivity.csproj", "{AA5BF491-E7C9-4D42-A23A-0FEA85B8FC3E}"
EndProject
Project("{2150E333-8FDC-42A3-9474-1A3956D46DE8}") = ".nuget", ".nuget", "{97F0D666-6062-46B3-A870-1930F6A3442A}"
	ProjectSection(SolutionItems) = preProject
		.nuget\NuGet.Config = .nuget\NuGet.Config
		.nuget\NuGet.exe = .nuget\NuGet.exe
		.nuget\NuGet.targets = .nuget\NuGet.targets
	EndProjectSection
EndProject
Global
	GlobalSection(SolutionConfigurationPlatforms) = preSolution
		ARMSTUB|Any CPU = ARMSTUB|Any CPU
		ARMSTUB|ARM = ARMSTUB|ARM
		ARMSTUB|Mixed Platforms = ARMSTUB|Mixed Platforms
		ARMSTUB|Win32 = ARMSTUB|Win32
		ARMSTUB|x64 = ARMSTUB|x64
		ARMSTUB|x86 = ARMSTUB|x86
		Debug|Any CPU = Debug|Any CPU
		Debug|ARM = Debug|ARM
		Debug|Mixed Platforms = Debug|Mixed Platforms
		Debug|Win32 = Debug|Win32
		Debug|x64 = Debug|x64
		Debug|x86 = Debug|x86
		Release|Any CPU = Release|Any CPU
		Release|ARM = Release|ARM
		Release|Mixed Platforms = Release|Mixed Platforms
		Release|Win32 = Release|Win32
		Release|x64 = Release|x64
		Release|x86 = Release|x86
		Win7 Debug|Any CPU = Win7 Debug|Any CPU
		Win7 Debug|ARM = Win7 Debug|ARM
		Win7 Debug|Mixed Platforms = Win7 Debug|Mixed Platforms
		Win7 Debug|Win32 = Win7 Debug|Win32
		Win7 Debug|x64 = Win7 Debug|x64
		Win7 Debug|x86 = Win7 Debug|x86
		Win7 Release|Any CPU = Win7 Release|Any CPU
		Win7 Release|ARM = Win7 Release|ARM
		Win7 Release|Mixed Platforms = Win7 Release|Mixed Platforms
		Win7 Release|Win32 = Win7 Release|Win32
		Win7 Release|x64 = Win7 Release|x64
		Win7 Release|x86 = Win7 Release|x86
		Win8 Debug|Any CPU = Win8 Debug|Any CPU
		Win8 Debug|ARM = Win8 Debug|ARM
		Win8 Debug|Mixed Platforms = Win8 Debug|Mixed Platforms
		Win8 Debug|Win32 = Win8 Debug|Win32
		Win8 Debug|x64 = Win8 Debug|x64
		Win8 Debug|x86 = Win8 Debug|x86
		Win8 Release|Any CPU = Win8 Release|Any CPU
		Win8 Release|ARM = Win8 Release|ARM
		Win8 Release|Mixed Platforms = Win8 Release|Mixed Platforms
		Win8 Release|Win32 = Win8 Release|Win32
		Win8 Release|x64 = Win8 Release|x64
		Win8 Release|x86 = Win8 Release|x86
		Win8.1 Debug|Any CPU = Win8.1 Debug|Any CPU
		Win8.1 Debug|ARM = Win8.1 Debug|ARM
		Win8.1 Debug|Mixed Platforms = Win8.1 Debug|Mixed Platforms
		Win8.1 Debug|Win32 = Win8.1 Debug|Win32
		Win8.1 Debug|x64 = Win8.1 Debug|x64
		Win8.1 Debug|x86 = Win8.1 Debug|x86
		Win8.1 Release|Any CPU = Win8.1 Release|Any CPU
		Win8.1 Release|ARM = Win8.1 Release|ARM
		Win8.1 Release|Mixed Platforms = Win8.1 Release|Mixed Platforms
		Win8.1 Release|Win32 = Win8.1 Release|Win32
		Win8.1 Release|x64 = Win8.1 Release|x64
		Win8.1 Release|x86 = Win8.1 Release|x86
	EndGlobalSection
	GlobalSection(ProjectConfigurationPlatforms) = postSolution
		{AA5BF491-E7C9-4D42-A23A-0FEA85B8FC3E}.ARMSTUB|Any CPU.ActiveCfg = Release|Any CPU
		{AA5BF491-E7C9-4D42-A23A-0FEA85B8FC3E}.ARMSTUB|Any CPU.Build.0 = Release|Any CPU
		{AA5BF491-E7C9-4D42-A23A-0FEA85B8FC3E}.ARMSTUB|Any CPU.Deploy.0 = Release|Any CPU
		{AA5BF491-E7C9-4D42-A23A-0FEA85B8FC3E}.ARMSTUB|ARM.ActiveCfg = Release|ARM
		{AA5BF491-E7C9-4D42-A23A-0FEA85B8FC3E}.ARMSTUB|ARM.Build.0 = Release|ARM
		{AA5BF491-E7C9-4D42-A23A-0FEA85B8FC3E}.ARMSTUB|ARM.Deploy.0 = Release|ARM
		{AA5BF491-E7C9-4D42-A23A-0FEA85B8FC3E}.ARMSTUB|Mixed Platforms.ActiveCfg = Release|x86
		{AA5BF491-E7C9-4D42-A23A-0FEA85B8FC3E}.ARMSTUB|Mixed Platforms.Build.0 = Release|x86
		{AA5BF491-E7C9-4D42-A23A-0FEA85B8FC3E}.ARMSTUB|Mixed Platforms.Deploy.0 = Release|x86
		{AA5BF491-E7C9-4D42-A23A-0FEA85B8FC3E}.ARMSTUB|Win32.ActiveCfg = Release|x86
		{AA5BF491-E7C9-4D42-A23A-0FEA85B8FC3E}.ARMSTUB|Win32.Build.0 = Release|x86
		{AA5BF491-E7C9-4D42-A23A-0FEA85B8FC3E}.ARMSTUB|Win32.Deploy.0 = Release|x86
		{AA5BF491-E7C9-4D42-A23A-0FEA85B8FC3E}.ARMSTUB|x64.ActiveCfg = Release|Any CPU
		{AA5BF491-E7C9-4D42-A23A-0FEA85B8FC3E}.ARMSTUB|x86.ActiveCfg = Release|x86
		{AA5BF491-E7C9-4D42-A23A-0FEA85B8FC3E}.ARMSTUB|x86.Build.0 = Release|x86
		{AA5BF491-E7C9-4D42-A23A-0FEA85B8FC3E}.ARMSTUB|x86.Deploy.0 = Release|x86
		{AA5BF491-E7C9-4D42-A23A-0FEA85B8FC3E}.Debug|Any CPU.ActiveCfg = Debug|Any CPU
		{AA5BF491-E7C9-4D42-A23A-0FEA85B8FC3E}.Debug|Any CPU.Build.0 = Debug|Any CPU
		{AA5BF491-E7C9-4D42-A23A-0FEA85B8FC3E}.Debug|Any CPU.Deploy.0 = Debug|Any CPU
		{AA5BF491-E7C9-4D42-A23A-0FEA85B8FC3E}.Debug|ARM.ActiveCfg = Debug|ARM
		{AA5BF491-E7C9-4D42-A23A-0FEA85B8FC3E}.Debug|ARM.Build.0 = Debug|ARM
		{AA5BF491-E7C9-4D42-A23A-0FEA85B8FC3E}.Debug|ARM.Deploy.0 = Debug|ARM
		{AA5BF491-E7C9-4D42-A23A-0FEA85B8FC3E}.Debug|Mixed Platforms.ActiveCfg = Debug|x86
		{AA5BF491-E7C9-4D42-A23A-0FEA85B8FC3E}.Debug|Mixed Platforms.Build.0 = Debug|x86
		{AA5BF491-E7C9-4D42-A23A-0FEA85B8FC3E}.Debug|Mixed Platforms.Deploy.0 = Debug|x86
		{AA5BF491-E7C9-4D42-A23A-0FEA85B8FC3E}.Debug|Win32.ActiveCfg = Debug|x86
		{AA5BF491-E7C9-4D42-A23A-0FEA85B8FC3E}.Debug|Win32.Build.0 = Debug|x86
		{AA5BF491-E7C9-4D42-A23A-0FEA85B8FC3E}.Debug|Win32.Deploy.0 = Debug|x86
		{AA5BF491-E7C9-4D42-A23A-0FEA85B8FC3E}.Debug|x64.ActiveCfg = Debug|Any CPU
		{AA5BF491-E7C9-4D42-A23A-0FEA85B8FC3E}.Debug|x86.ActiveCfg = Debug|x86
		{AA5BF491-E7C9-4D42-A23A-0FEA85B8FC3E}.Debug|x86.Build.0 = Debug|x86
		{AA5BF491-E7C9-4D42-A23A-0FEA85B8FC3E}.Debug|x86.Deploy.0 = Debug|x86
		{AA5BF491-E7C9-4D42-A23A-0FEA85B8FC3E}.Release|Any CPU.ActiveCfg = Release|Any CPU
		{AA5BF491-E7C9-4D42-A23A-0FEA85B8FC3E}.Release|Any CPU.Build.0 = Release|Any CPU
		{AA5BF491-E7C9-4D42-A23A-0FEA85B8FC3E}.Release|Any CPU.Deploy.0 = Release|Any CPU
		{AA5BF491-E7C9-4D42-A23A-0FEA85B8FC3E}.Release|ARM.ActiveCfg = Release|ARM
		{AA5BF491-E7C9-4D42-A23A-0FEA85B8FC3E}.Release|ARM.Build.0 = Release|ARM
		{AA5BF491-E7C9-4D42-A23A-0FEA85B8FC3E}.Release|ARM.Deploy.0 = Release|ARM
		{AA5BF491-E7C9-4D42-A23A-0FEA85B8FC3E}.Release|Mixed Platforms.ActiveCfg = Release|x86
		{AA5BF491-E7C9-4D42-A23A-0FEA85B8FC3E}.Release|Mixed Platforms.Build.0 = Release|x86
		{AA5BF491-E7C9-4D42-A23A-0FEA85B8FC3E}.Release|Mixed Platforms.Deploy.0 = Release|x86
		{AA5BF491-E7C9-4D42-A23A-0FEA85B8FC3E}.Release|Win32.ActiveCfg = Release|x86
		{AA5BF491-E7C9-4D42-A23A-0FEA85B8FC3E}.Release|Win32.Build.0 = Release|x86
		{AA5BF491-E7C9-4D42-A23A-0FEA85B8FC3E}.Release|Win32.Deploy.0 = Release|x86
		{AA5BF491-E7C9-4D42-A23A-0FEA85B8FC3E}.Release|x64.ActiveCfg = Release|Any CPU
		{AA5BF491-E7C9-4D42-A23A-0FEA85B8FC3E}.Release|x86.ActiveCfg = Release|x86
		{AA5BF491-E7C9-4D42-A23A-0FEA85B8FC3E}.Release|x86.Build.0 = Release|x86
		{AA5BF491-E7C9-4D42-A23A-0FEA85B8FC3E}.Release|x86.Deploy.0 = Release|x86
		{AA5BF491-E7C9-4D42-A23A-0FEA85B8FC3E}.Win7 Debug|Any CPU.ActiveCfg = Debug|Any CPU
		{AA5BF491-E7C9-4D42-A23A-0FEA85B8FC3E}.Win7 Debug|Any CPU.Build.0 = Debug|Any CPU
		{AA5BF491-E7C9-4D42-A23A-0FEA85B8FC3E}.Win7 Debug|Any CPU.Deploy.0 = Debug|Any CPU
		{AA5BF491-E7C9-4D42-A23A-0FEA85B8FC3E}.Win7 Debug|ARM.ActiveCfg = Debug|ARM
		{AA5BF491-E7C9-4D42-A23A-0FEA85B8FC3E}.Win7 Debug|ARM.Build.0 = Debug|ARM
		{AA5BF491-E7C9-4D42-A23A-0FEA85B8FC3E}.Win7 Debug|ARM.Deploy.0 = Debug|ARM
		{AA5BF491-E7C9-4D42-A23A-0FEA85B8FC3E}.Win7 Debug|Mixed Platforms.ActiveCfg = Debug|x86
		{AA5BF491-E7C9-4D42-A23A-0FEA85B8FC3E}.Win7 Debug|Mixed Platforms.Build.0 = Debug|x86
		{AA5BF491-E7C9-4D42-A23A-0FEA85B8FC3E}.Win7 Debug|Mixed Platforms.Deploy.0 = Debug|x86
		{AA5BF491-E7C9-4D42-A23A-0FEA85B8FC3E}.Win7 Debug|Win32.ActiveCfg = Debug|x86
		{AA5BF491-E7C9-4D42-A23A-0FEA85B8FC3E}.Win7 Debug|Win32.Build.0 = Debug|x86
		{AA5BF491-E7C9-4D42-A23A-0FEA85B8FC3E}.Win7 Debug|Win32.Deploy.0 = Debug|x86
		{AA5BF491-E7C9-4D42-A23A-0FEA85B8FC3E}.Win7 Debug|x64.ActiveCfg = Debug|Any CPU
		{AA5BF491-E7C9-4D42-A23A-0FEA85B8FC3E}.Win7 Debug|x86.ActiveCfg = Debug|x86
		{AA5BF491-E7C9-4D42-A23A-0FEA85B8FC3E}.Win7 Debug|x86.Build.0 = Debug|x86
		{AA5BF491-E7C9-4D42-A23A-0FEA85B8FC3E}.Win7 Debug|x86.Deploy.0 = Debug|x86
		{AA5BF491-E7C9-4D42-A23A-0FEA85B8FC3E}.Win7 Release|Any CPU.ActiveCfg = Release|Any CPU
		{AA5BF491-E7C9-4D42-A23A-0FEA85B8FC3E}.Win7 Release|Any CPU.Build.0 = Release|Any CPU
		{AA5BF491-E7C9-4D42-A23A-0FEA85B8FC3E}.Win7 Release|Any CPU.Deploy.0 = Release|Any CPU
		{AA5BF491-E7C9-4D42-A23A-0FEA85B8FC3E}.Win7 Release|ARM.ActiveCfg = Release|ARM
		{AA5BF491-E7C9-4D42-A23A-0FEA85B8FC3E}.Win7 Release|ARM.Build.0 = Release|ARM
		{AA5BF491-E7C9-4D42-A23A-0FEA85B8FC3E}.Win7 Release|ARM.Deploy.0 = Release|ARM
		{AA5BF491-E7C9-4D42-A23A-0FEA85B8FC3E}.Win7 Release|Mixed Platforms.ActiveCfg = Release|x86
		{AA5BF491-E7C9-4D42-A23A-0FEA85B8FC3E}.Win7 Release|Mixed Platforms.Build.0 = Release|x86
		{AA5BF491-E7C9-4D42-A23A-0FEA85B8FC3E}.Win7 Release|Mixed Platforms.Deploy.0 = Release|x86
		{AA5BF491-E7C9-4D42-A23A-0FEA85B8FC3E}.Win7 Release|Win32.ActiveCfg = Release|x86
		{AA5BF491-E7C9-4D42-A23A-0FEA85B8FC3E}.Win7 Release|Win32.Build.0 = Release|x86
		{AA5BF491-E7C9-4D42-A23A-0FEA85B8FC3E}.Win7 Release|Win32.Deploy.0 = Release|x86
		{AA5BF491-E7C9-4D42-A23A-0FEA85B8FC3E}.Win7 Release|x64.ActiveCfg = Release|Any CPU
		{AA5BF491-E7C9-4D42-A23A-0FEA85B8FC3E}.Win7 Release|x86.ActiveCfg = Release|x86
		{AA5BF491-E7C9-4D42-A23A-0FEA85B8FC3E}.Win7 Release|x86.Build.0 = Release|x86
		{AA5BF491-E7C9-4D42-A23A-0FEA85B8FC3E}.Win7 Release|x86.Deploy.0 = Release|x86
		{AA5BF491-E7C9-4D42-A23A-0FEA85B8FC3E}.Win8 Debug|Any CPU.ActiveCfg = Debug|Any CPU
		{AA5BF491-E7C9-4D42-A23A-0FEA85B8FC3E}.Win8 Debug|Any CPU.Build.0 = Debug|Any CPU
		{AA5BF491-E7C9-4D42-A23A-0FEA85B8FC3E}.Win8 Debug|Any CPU.Deploy.0 = Debug|Any CPU
		{AA5BF491-E7C9-4D42-A23A-0FEA85B8FC3E}.Win8 Debug|ARM.ActiveCfg = Debug|ARM
		{AA5BF491-E7C9-4D42-A23A-0FEA85B8FC3E}.Win8 Debug|ARM.Build.0 = Debug|ARM
		{AA5BF491-E7C9-4D42-A23A-0FEA85B8FC3E}.Win8 Debug|ARM.Deploy.0 = Debug|ARM
		{AA5BF491-E7C9-4D42-A23A-0FEA85B8FC3E}.Win8 Debug|Mixed Platforms.ActiveCfg = Debug|x86
		{AA5BF491-E7C9-4D42-A23A-0FEA85B8FC3E}.Win8 Debug|Mixed Platforms.Build.0 = Debug|x86
		{AA5BF491-E7C9-4D42-A23A-0FEA85B8FC3E}.Win8 Debug|Mixed Platforms.Deploy.0 = Debug|x86
		{AA5BF491-E7C9-4D42-A23A-0FEA85B8FC3E}.Win8 Debug|Win32.ActiveCfg = Debug|x86
		{AA5BF491-E7C9-4D42-A23A-0FEA85B8FC3E}.Win8 Debug|Win32.Build.0 = Debug|x86
		{AA5BF491-E7C9-4D42-A23A-0FEA85B8FC3E}.Win8 Debug|Win32.Deploy.0 = Debug|x86
		{AA5BF491-E7C9-4D42-A23A-0FEA85B8FC3E}.Win8 Debug|x64.ActiveCfg = Debug|Any CPU
		{AA5BF491-E7C9-4D42-A23A-0FEA85B8FC3E}.Win8 Debug|x86.ActiveCfg = Debug|x86
		{AA5BF491-E7C9-4D42-A23A-0FEA85B8FC3E}.Win8 Debug|x86.Build.0 = Debug|x86
		{AA5BF491-E7C9-4D42-A23A-0FEA85B8FC3E}.Win8 Debug|x86.Deploy.0 = Debug|x86
		{AA5BF491-E7C9-4D42-A23A-0FEA85B8FC3E}.Win8 Release|Any CPU.ActiveCfg = Release|Any CPU
		{AA5BF491-E7C9-4D42-A23A-0FEA85B8FC3E}.Win8 Release|Any CPU.Build.0 = Release|Any CPU
		{AA5BF491-E7C9-4D42-A23A-0FEA85B8FC3E}.Win8 Release|Any CPU.Deploy.0 = Release|Any CPU
		{AA5BF491-E7C9-4D42-A23A-0FEA85B8FC3E}.Win8 Release|ARM.ActiveCfg = Release|ARM
		{AA5BF491-E7C9-4D42-A23A-0FEA85B8FC3E}.Win8 Release|ARM.Build.0 = Release|ARM
		{AA5BF491-E7C9-4D42-A23A-0FEA85B8FC3E}.Win8 Release|ARM.Deploy.0 = Release|ARM
		{AA5BF491-E7C9-4D42-A23A-0FEA85B8FC3E}.Win8 Release|Mixed Platforms.ActiveCfg = Release|x86
		{AA5BF491-E7C9-4D42-A23A-0FEA85B8FC3E}.Win8 Release|Mixed Platforms.Build.0 = Release|x86
		{AA5BF491-E7C9-4D42-A23A-0FEA85B8FC3E}.Win8 Release|Mixed Platforms.Deploy.0 = Release|x86
		{AA5BF491-E7C9-4D42-A23A-0FEA85B8FC3E}.Win8 Release|Win32.ActiveCfg = Release|x86
		{AA5BF491-E7C9-4D42-A23A-0FEA85B8FC3E}.Win8 Release|Win32.Build.0 = Release|x86
		{AA5BF491-E7C9-4D42-A23A-0FEA85B8FC3E}.Win8 Release|Win32.Deploy.0 = Release|x86
		{AA5BF491-E7C9-4D42-A23A-0FEA85B8FC3E}.Win8 Release|x64.ActiveCfg = Release|Any CPU
		{AA5BF491-E7C9-4D42-A23A-0FEA85B8FC3E}.Win8 Release|x86.ActiveCfg = Release|x86
		{AA5BF491-E7C9-4D42-A23A-0FEA85B8FC3E}.Win8 Release|x86.Build.0 = Release|x86
		{AA5BF491-E7C9-4D42-A23A-0FEA85B8FC3E}.Win8 Release|x86.Deploy.0 = Release|x86
		{AA5BF491-E7C9-4D42-A23A-0FEA85B8FC3E}.Win8.1 Debug|Any CPU.ActiveCfg = Debug|Any CPU
		{AA5BF491-E7C9-4D42-A23A-0FEA85B8FC3E}.Win8.1 Debug|Any CPU.Build.0 = Debug|Any CPU
		{AA5BF491-E7C9-4D42-A23A-0FEA85B8FC3E}.Win8.1 Debug|Any CPU.Deploy.0 = Debug|Any CPU
		{AA5BF491-E7C9-4D42-A23A-0FEA85B8FC3E}.Win8.1 Debug|ARM.ActiveCfg = Debug|ARM
		{AA5BF491-E7C9-4D42-A23A-0FEA85B8FC3E}.Win8.1 Debug|ARM.Build.0 = Debug|ARM
		{AA5BF491-E7C9-4D42-A23A-0FEA85B8FC3E}.Win8.1 Debug|ARM.Deploy.0 = Debug|ARM
		{AA5BF491-E7C9-4D42-A23A-0FEA85B8FC3E}.Win8.1 Debug|Mixed Platforms.ActiveCfg = Debug|x86
		{AA5BF491-E7C9-4D42-A23A-0FEA85B8FC3E}.Win8.1 Debug|Mixed Platforms.Build.0 = Debug|x86
		{AA5BF491-E7C9-4D42-A23A-0FEA85B8FC3E}.Win8.1 Debug|Mixed Platforms.Deploy.0 = Debug|x86
		{AA5BF491-E7C9-4D42-A23A-0FEA85B8FC3E}.Win8.1 Debug|Win32.ActiveCfg = Debug|x86
		{AA5BF491-E7C9-4D42-A23A-0FEA85B8FC3E}.Win8.1 Debug|Win32.Build.0 = Debug|x86
		{AA5BF491-E7C9-4D42-A23A-0FEA85B8FC3E}.Win8.1 Debug|Win32.Deploy.0 = Debug|x86
		{AA5BF491-E7C9-4D42-A23A-0FEA85B8FC3E}.Win8.1 Debug|x64.ActiveCfg = Debug|Any CPU
		{AA5BF491-E7C9-4D42-A23A-0FEA85B8FC3E}.Win8.1 Debug|x86.ActiveCfg = Debug|x86
		{AA5BF491-E7C9-4D42-A23A-0FEA85B8FC3E}.Win8.1 Debug|x86.Build.0 = Debug|x86
		{AA5BF491-E7C9-4D42-A23A-0FEA85B8FC3E}.Win8.1 Debug|x86.Deploy.0 = Debug|x86
		{AA5BF491-E7C9-4D42-A23A-0FEA85B8FC3E}.Win8.1 Release|Any CPU.ActiveCfg = Release|Any CPU
		{AA5BF491-E7C9-4D42-A23A-0FEA85B8FC3E}.Win8.1 Release|Any CPU.Build.0 = Release|Any CPU
		{AA5BF491-E7C9-4D42-A23A-0FEA85B8FC3E}.Win8.1 Release|Any CPU.Deploy.0 = Release|Any CPU
		{AA5BF491-E7C9-4D42-A23A-0FEA85B8FC3E}.Win8.1 Release|ARM.ActiveCfg = Release|ARM
		{AA5BF491-E7C9-4D42-A23A-0FEA85B8FC3E}.Win8.1 Release|ARM.Build.0 = Release|ARM
		{AA5BF491-E7C9-4D42-A23A-0FEA85B8FC3E}.Win8.1 Release|ARM.Deploy.0 = Release|ARM
		{AA5BF491-E7C9-4D42-A23A-0FEA85B8FC3E}.Win8.1 Release|Mixed Platforms.ActiveCfg = Release|x86
		{AA5BF491-E7C9-4D42-A23A-0FEA85B8FC3E}.Win8.1 Release|Mixed Platforms.Build.0 = Release|x86
		{AA5BF491-E7C9-4D42-A23A-0FEA85B8FC3E}.Win8.1 Release|Mixed Platforms.Deploy.0 = Release|x86
		{AA5BF491-E7C9-4D42-A23A-0FEA85B8FC3E}.Win8.1 Release|Win32.ActiveCfg = Release|x86
		{AA5BF491-E7C9-4D42-A23A-0FEA85B8FC3E}.Win8.1 Release|Win32.Build.0 = Release|x86
		{AA5BF491-E7C9-4D42-A23A-0FEA85B8FC3E}.Win8.1 Release|Win32.Deploy.0 = Release|x86
		{AA5BF491-E7C9-4D42-A23A-0FEA85B8FC3E}.Win8.1 Release|x64.ActiveCfg = Release|Any CPU
		{AA5BF491-E7C9-4D42-A23A-0FEA85B8FC3E}.Win8.1 Release|x86.ActiveCfg = Release|x86
		{AA5BF491-E7C9-4D42-A23A-0FEA85B8FC3E}.Win8.1 Release|x86.Build.0 = Release|x86
		{AA5BF491-E7C9-4D42-A23A-0FEA85B8FC3E}.Win8.1 Release|x86.Deploy.0 = Release|x86
	EndGlobalSection
	GlobalSection(SolutionProperties) = preSolution
		HideSolutionNode = FALSE
	EndGlobalSection
EndGlobal
